
Microsoft Visual Studio Solution File, Format Version 12.00
# Visual Studio Version 16
VisualStudioVersion = 16.0.30611.23
MinimumVisualStudioVersion = 10.0.40219.1
Project("{9A19103F-16F7-4668-BE54-9A1E7A4F7556}") = "eShop.WebApp", "eShopApplicaton\eShop.WebApp\eShop.WebApp.csproj", "{A0509987-4454-4775-9D28-6620008596A4}"
EndProject
Project("{9A19103F-16F7-4668-BE54-9A1E7A4F7556}") = "eShop.Application", "eShopApplicaton\eShop.Application\eShop.Application.csproj", "{6EF014B1-A67F-48B1-AB5D-B719C70EC6FA}"
EndProject
Project("{9A19103F-16F7-4668-BE54-9A1E7A4F7556}") = "eShop.Data", "eShopApplicaton\eShop.Data\eShop.Data.csproj", "{BF5314D0-E77E-41F4-8F2C-62E376650A40}"
EndProject
Global
	GlobalSection(SolutionConfigurationPlatforms) = preSolution
		Debug|Any CPU = Debug|Any CPU
		Release|Any CPU = Release|Any CPU
	EndGlobalSection
	GlobalSection(ProjectConfigurationPlatforms) = postSolution
		{A0509987-4454-4775-9D28-6620008596A4}.Debug|Any CPU.ActiveCfg = Debug|Any CPU
		{A0509987-4454-4775-9D28-6620008596A4}.Debug|Any CPU.Build.0 = Debug|Any CPU
		{A0509987-4454-4775-9D28-6620008596A4}.Release|Any CPU.ActiveCfg = Release|Any CPU
		{A0509987-4454-4775-9D28-6620008596A4}.Release|Any CPU.Build.0 = Release|Any CPU
		{6EF014B1-A67F-48B1-AB5D-B719C70EC6FA}.Debug|Any CPU.ActiveCfg = Debug|Any CPU
		{6EF014B1-A67F-48B1-AB5D-B719C70EC6FA}.Debug|Any CPU.Build.0 = Debug|Any CPU
		{6EF014B1-A67F-48B1-AB5D-B719C70EC6FA}.Release|Any CPU.ActiveCfg = Release|Any CPU
		{6EF014B1-A67F-48B1-AB5D-B719C70EC6FA}.Release|Any CPU.Build.0 = Release|Any CPU
		{BF5314D0-E77E-41F4-8F2C-62E376650A40}.Debug|Any CPU.ActiveCfg = Debug|Any CPU
		{BF5314D0-E77E-41F4-8F2C-62E376650A40}.Debug|Any CPU.Build.0 = Debug|Any CPU
		{BF5314D0-E77E-41F4-8F2C-62E376650A40}.Release|Any CPU.ActiveCfg = Release|Any CPU
		{BF5314D0-E77E-41F4-8F2C-62E376650A40}.Release|Any CPU.Build.0 = Release|Any CPU
	EndGlobalSection
	GlobalSection(SolutionProperties) = preSolution
		HideSolutionNode = FALSE
	EndGlobalSection
	GlobalSection(ExtensibilityGlobals) = postSolution
		SolutionGuid = {E595E17E-90B9-49DE-871A-593E0CB5D62D}
	EndGlobalSection
EndGlobal
